{
    "_readme": [
        "This file locks the dependencies of your project to a known state",
        "Read more about it at https://getcomposer.org/doc/01-basic-usage.md#composer-lock-the-lock-file",
        "This file is @generated automatically"
    ],
    "hash": "f8a36f13cc82ed218260a7b24cc1900a",
    "packages": [
        {
            "name": "commerceguys/intl",
            "version": "v0.7",
            "source": {
                "type": "git",
                "url": "https://github.com/commerceguys/intl.git",
                "reference": "d975da224440180cfb97c9db135b53ec3ed52079"
            },
            "dist": {
                "type": "zip",
                "url": "https://api.github.com/repos/commerceguys/intl/zipball/d975da224440180cfb97c9db135b53ec3ed52079",
                "reference": "d975da224440180cfb97c9db135b53ec3ed52079",
                "shasum": ""
            },
            "require": {
                "ext-bcmath": "*",
                "php": ">=5.4.0"
            },
            "require-dev": {
                "mikey179/vfsstream": "1.*",
                "phpunit/phpunit": "~4.0"
            },
            "type": "library",
            "extra": {
                "branch-alias": {
                    "dev-master": "0.x-dev"
                }
            },
            "autoload": {
                "psr-4": {
                    "CommerceGuys\\Intl\\": "src"
                }
            },
            "notification-url": "https://packagist.org/downloads/",
            "license": [
                "MIT"
            ],
            "authors": [
                {
                    "name": "Bojan Zivanovic"
                }
            ],
            "description": "Internationalization library powered by CLDR data.",
            "time": "2015-10-05 14:01:23"
        },
        {
            "name": "doctrine/cache",
            "version": "v1.5.4",
            "source": {
                "type": "git",
                "url": "https://github.com/doctrine/cache.git",
                "reference": "47cdc76ceb95cc591d9c79a36dc3794975b5d136"
            },
            "dist": {
                "type": "zip",
                "url": "https://api.github.com/repos/doctrine/cache/zipball/47cdc76ceb95cc591d9c79a36dc3794975b5d136",
                "reference": "47cdc76ceb95cc591d9c79a36dc3794975b5d136",
                "shasum": ""
            },
            "require": {
                "php": ">=5.3.2"
            },
            "conflict": {
                "doctrine/common": ">2.2,<2.4"
            },
            "require-dev": {
                "phpunit/phpunit": ">=3.7",
                "predis/predis": "~1.0",
                "satooshi/php-coveralls": "~0.6"
            },
            "type": "library",
            "extra": {
                "branch-alias": {
                    "dev-master": "1.5.x-dev"
                }
            },
            "autoload": {
                "psr-4": {
                    "Doctrine\\Common\\Cache\\": "lib/Doctrine/Common/Cache"
                }
            },
            "notification-url": "https://packagist.org/downloads/",
            "license": [
                "MIT"
            ],
            "authors": [
                {
                    "name": "Roman Borschel",
                    "email": "roman@code-factory.org"
                },
                {
                    "name": "Benjamin Eberlei",
                    "email": "kontakt@beberlei.de"
                },
                {
                    "name": "Guilherme Blanco",
                    "email": "guilhermeblanco@gmail.com"
                },
                {
                    "name": "Jonathan Wage",
                    "email": "jonwage@gmail.com"
                },
                {
                    "name": "Johannes Schmitt",
                    "email": "schmittjoh@gmail.com"
                }
            ],
            "description": "Caching library offering an object-oriented API for many cache backends",
            "homepage": "http://www.doctrine-project.org",
            "keywords": [
                "cache",
                "caching"
            ],
            "time": "2015-12-19 05:03:47"
        },
        {
            "name": "madhouse/autoloader",
            "version": "1.00",
            "source": {
                "type": "git",
                "url": "https://bitbucket.org/muchmuch/madhouse_autoloader.git",
                "reference": "4462ec6ca3eb3928eef326e9f94c01338fb689a7"
            },
            "type": "library",
            "license": [
                "Apache-2.0"
            ],
            "authors": [
                {
                    "name": "MADHOUSE",
                    "email": "contact.wearemadhouse@gmail.com"
                }
            ],
            "description": "Custom autoloader (composer-way) for Osclass plugins.",
            "time": "2015-02-09 13:48:43"
        },
        {
            "name": "madhouse/utils",
            "version": "1.21.0",
            "source": {
                "type": "git",
                "url": "https://bitbucket.org/muchmuch/madhouse_utils.git",
                "reference": "11a3d96aebfae287373d56fdffe12c62a8c02350"
            },
            "require": {
                "commerceguys/intl": "0.*",
                "doctrine/cache": "1.5.*",
                "mustache/mustache": "2.7"
            },
            "type": "library",
            "autoload": {
                "psr-0": {
                    "Madhouse": "classes/"
                },
                "files": [
                    "index.php"
                ]
            },
            "license": [
                "Apache-2.0"
            ],
            "authors": [
                {
                    "name": "MADHOUSE",
                    "email": "contact.wearemadhouse@gmail.com"
                }
            ],
            "description": "Toolkit for Osclass plugins & themes, designed by Madhouse.",
            "time": "2016-01-29 14:56:32"
        },
        {
            "name": "mustache/mustache",
            "version": "v2.7.0",
            "source": {
                "type": "git",
                "url": "https://github.com/bobthecow/mustache.php.git",
                "reference": "fdf41dd673dc99b41d60992470dbae94ae0b6ba1"
            },
            "dist": {
                "type": "zip",
                "url": "https://api.github.com/repos/bobthecow/mustache.php/zipball/fdf41dd673dc99b41d60992470dbae94ae0b6ba1",
                "reference": "fdf41dd673dc99b41d60992470dbae94ae0b6ba1",
                "shasum": ""
            },
            "require": {
                "php": ">=5.2.4"
            },
            "require-dev": {
                "phpunit/phpunit": "*"
            },
            "type": "library",
            "autoload": {
                "psr-0": {
                    "Mustache": "src/"
                }
            },
            "notification-url": "https://packagist.org/downloads/",
            "license": [
                "MIT"
            ],
            "authors": [
                {
                    "name": "Justin Hileman",
                    "email": "justin@justinhileman.info",
                    "homepage": "http://justinhileman.com"
                }
            ],
            "description": "A Mustache implementation in PHP.",
            "homepage": "https://github.com/bobthecow/mustache.php",
            "keywords": [
                "mustache",
                "templating"
            ],
            "time": "2014-08-26 19:50:10"
        }
    ],
    "packages-dev": [],
    "aliases": [],
    "minimum-stability": "stable",
    "stability-flags": [],
    "prefer-stable": false,
    "prefer-lowest": false,
    "platform": [],
    "platform-dev": []
}
